# THIS IS AN AUTOGENERATED FILE. DO NOT EDIT THIS FILE DIRECTLY.
# yarn lockfile v1


"@algolia/autocomplete-core@1.5.2":
  "integrity" "sha512-DY0bhyczFSS1b/CqJlTE/nQRtnTAHl6IemIkBy0nEWnhDzRDdtdx4p5Uuk3vwAFxwEEgi1WqKwgSSMx6DpNL4A=="
  "resolved" "https://registry.npmjs.org/@algolia/autocomplete-core/-/autocomplete-core-1.5.2.tgz"
  "version" "1.5.2"
  dependencies:
    "@algolia/autocomplete-shared" "1.5.2"

"@algolia/autocomplete-preset-algolia@1.5.2":
  "integrity" "sha512-3MRYnYQFJyovANzSX2CToS6/5cfVjbLLqFsZTKcvF3abhQzxbqwwaMBlJtt620uBUOeMzhdfasKhCc40+RHiZw=="
  "resolved" "https://registry.npmjs.org/@algolia/autocomplete-preset-algolia/-/autocomplete-preset-algolia-1.5.2.tgz"
  "version" "1.5.2"
  dependencies:
    "@algolia/autocomplete-shared" "1.5.2"

"@algolia/autocomplete-shared@1.5.2":
  "integrity" "sha512-ylQAYv5H0YKMfHgVWX0j0NmL8XBcAeeeVQUmppnnMtzDbDnca6CzhKj3Q8eF9cHCgcdTDdb5K+3aKyGWA0obug=="
  "resolved" "https://registry.npmjs.org/@algolia/autocomplete-shared/-/autocomplete-shared-1.5.2.tgz"
  "version" "1.5.2"

"@algolia/cache-browser-local-storage@4.12.1":
  "integrity" "sha512-ERFFOnC9740xAkuO0iZTQqm2AzU7Dpz/s+g7o48GlZgx5p9GgNcsuK5eS0GoW/tAK+fnKlizCtlFHNuIWuvfsg=="
  "resolved" "https://registry.npmjs.org/@algolia/cache-browser-local-storage/-/cache-browser-local-storage-4.12.1.tgz"
  "version" "4.12.1"
  dependencies:
    "@algolia/cache-common" "4.12.1"

"@algolia/cache-common@4.12.1":
  "integrity" "sha512-UugTER3V40jT+e19Dmph5PKMeliYKxycNPwrPNADin0RcWNfT2QksK9Ff2N2W7UKraqMOzoeDb4LAJtxcK1a8Q=="
  "resolved" "https://registry.npmjs.org/@algolia/cache-common/-/cache-common-4.12.1.tgz"
  "version" "4.12.1"

"@algolia/cache-in-memory@4.12.1":
  "integrity" "sha512-U6iaunaxK1lHsAf02UWF58foKFEcrVLsHwN56UkCtwn32nlP9rz52WOcHsgk6TJrL8NDcO5swMjtOQ5XHESFLw=="
  "resolved" "https://registry.npmjs.org/@algolia/cache-in-memory/-/cache-in-memory-4.12.1.tgz"
  "version" "4.12.1"
  dependencies:
    "@algolia/cache-common" "4.12.1"

"@algolia/client-account@4.12.1":
  "integrity" "sha512-jGo4ConJNoMdTCR2zouO0jO/JcJmzOK6crFxMMLvdnB1JhmMbuIKluOTJVlBWeivnmcsqb7r0v7qTCPW5PAyxQ=="
  "resolved" "https://registry.npmjs.org/@algolia/client-account/-/client-account-4.12.1.tgz"
  "version" "4.12.1"
  dependencies:
    "@algolia/client-common" "4.12.1"
    "@algolia/client-search" "4.12.1"
    "@algolia/transporter" "4.12.1"

"@algolia/client-analytics@4.12.1":
  "integrity" "sha512-h1It7KXzIthlhuhfBk7LteYq72tym9maQDUsyRW0Gft8b6ZQahnRak9gcCvKwhcJ1vJoP7T7JrNYGiYSicTD9g=="
  "resolved" "https://registry.npmjs.org/@algolia/client-analytics/-/client-analytics-4.12.1.tgz"
  "version" "4.12.1"
  dependencies:
    "@algolia/client-common" "4.12.1"
    "@algolia/client-search" "4.12.1"
    "@algolia/requester-common" "4.12.1"
    "@algolia/transporter" "4.12.1"

"@algolia/client-common@4.12.1":
  "integrity" "sha512-obnJ8eSbv+h94Grk83DTGQ3bqhViSWureV6oK1s21/KMGWbb3DkduHm+lcwFrMFkjSUSzosLBHV9EQUIBvueTw=="
  "resolved" "https://registry.npmjs.org/@algolia/client-common/-/client-common-4.12.1.tgz"
  "version" "4.12.1"
  dependencies:
    "@algolia/requester-common" "4.12.1"
    "@algolia/transporter" "4.12.1"

"@algolia/client-personalization@4.12.1":
  "integrity" "sha512-sMSnjjPjRgByGHYygV+5L/E8a6RgU7l2GbpJukSzJ9GRY37tHmBHuvahv8JjdCGJ2p7QDYLnQy5bN5Z02qjc7Q=="
  "resolved" "https://registry.npmjs.org/@algolia/client-personalization/-/client-personalization-4.12.1.tgz"
  "version" "4.12.1"
  dependencies:
    "@algolia/client-common" "4.12.1"
    "@algolia/requester-common" "4.12.1"
    "@algolia/transporter" "4.12.1"

"@algolia/client-search@^4.9.1", "@algolia/client-search@4.12.1":
  "integrity" "sha512-MwwKKprfY6X2nJ5Ki/ccXM2GDEePvVjZnnoOB2io3dLKW4fTqeSRlC5DRXeFD7UM0vOPPHr4ItV2aj19APKNVQ=="
  "resolved" "https://registry.npmjs.org/@algolia/client-search/-/client-search-4.12.1.tgz"
  "version" "4.12.1"
  dependencies:
    "@algolia/client-common" "4.12.1"
    "@algolia/requester-common" "4.12.1"
    "@algolia/transporter" "4.12.1"

"@algolia/logger-common@4.12.1":
  "integrity" "sha512-fCgrzlXGATNqdFTxwx0GsyPXK+Uqrx1SZ3iuY2VGPPqdt1a20clAG2n2OcLHJpvaa6vMFPlJyWvbqAgzxdxBlQ=="
  "resolved" "https://registry.npmjs.org/@algolia/logger-common/-/logger-common-4.12.1.tgz"
  "version" "4.12.1"

"@algolia/logger-console@4.12.1":
  "integrity" "sha512-0owaEnq/davngQMYqxLA4KrhWHiXujQ1CU3FFnyUcMyBR7rGHI48zSOUpqnsAXrMBdSH6rH5BDkSUUFwsh8RkQ=="
  "resolved" "https://registry.npmjs.org/@algolia/logger-console/-/logger-console-4.12.1.tgz"
  "version" "4.12.1"
  dependencies:
    "@algolia/logger-common" "4.12.1"

"@algolia/requester-browser-xhr@4.12.1":
  "integrity" "sha512-OaMxDyG0TZG0oqz1lQh9e3woantAG1bLnuwq3fmypsrQxra4IQZiyn1x+kEb69D2TcXApI5gOgrD4oWhtEVMtw=="
  "resolved" "https://registry.npmjs.org/@algolia/requester-browser-xhr/-/requester-browser-xhr-4.12.1.tgz"
  "version" "4.12.1"
  dependencies:
    "@algolia/requester-common" "4.12.1"

"@algolia/requester-common@4.12.1":
  "integrity" "sha512-XWIrWQNJ1vIrSuL/bUk3ZwNMNxl+aWz6dNboRW6+lGTcMIwc3NBFE90ogbZKhNrFRff8zI4qCF15tjW+Fyhpow=="
  "resolved" "https://registry.npmjs.org/@algolia/requester-common/-/requester-common-4.12.1.tgz"
  "version" "4.12.1"

"@algolia/requester-node-http@4.12.1":
  "integrity" "sha512-awBtwaD+s0hxkA1aehYn8F0t9wqGoBVWgY4JPHBmp1ChO3pK7RKnnvnv7QQa9vTlllX29oPt/BBVgMo1Z3n1Qg=="
  "resolved" "https://registry.npmjs.org/@algolia/requester-node-http/-/requester-node-http-4.12.1.tgz"
  "version" "4.12.1"
  dependencies:
    "@algolia/requester-common" "4.12.1"

"@algolia/transporter@4.12.1":
  "integrity" "sha512-BGeNgdEHc6dXIk2g8kdlOoQ6fQ6OIaKQcplEj7HPoi+XZUeAvRi3Pff3QWd7YmybWkjzd9AnTzieTASDWhL+sQ=="
  "resolved" "https://registry.npmjs.org/@algolia/transporter/-/transporter-4.12.1.tgz"
  "version" "4.12.1"
  dependencies:
    "@algolia/cache-common" "4.12.1"
    "@algolia/logger-common" "4.12.1"
    "@algolia/requester-common" "4.12.1"

"@babel/parser@^7.16.4":
  "integrity" "sha512-9JKn5vN+hDt0Hdqn1PiJ2guflwP+B6Ga8qbDuoF0PzzVhrzsKIJo8yGqVk6CmMHiMei9w1C1Bp9IMJSIK+HPIQ=="
  "resolved" "https://registry.npmmirror.com/@babel/parser/-/parser-7.18.11.tgz"
  "version" "7.18.11"

"@docsearch/css@^3.0.0", "@docsearch/css@^3.0.0-alpha.41", "@docsearch/css@3.0.0":
  "integrity" "sha512-1kkV7tkAsiuEd0shunYRByKJe3xQDG2q7wYg24SOw1nV9/2lwEd4WrUYRJC/ukGTl2/kHeFxsaUvtiOy0y6fFA=="
  "resolved" "https://registry.npmjs.org/@docsearch/css/-/css-3.0.0.tgz"
  "version" "3.0.0"

"@docsearch/js@^3.0.0", "@docsearch/js@^3.0.0-alpha.41":
  "integrity" "sha512-j3tUJWlgW3slYqzGB8fm7y05kh2qqrIK1dZOXHeMUm/5gdKE85fiz/ltfCPMDFb/MXF+bLZChJXSMzqY0Ck30Q=="
  "resolved" "https://registry.npmjs.org/@docsearch/js/-/js-3.0.0.tgz"
  "version" "3.0.0"
  dependencies:
    "@docsearch/react" "3.0.0"
    "preact" "^10.0.0"

"@docsearch/react@3.0.0":
  "integrity" "sha512-yhMacqS6TVQYoBh/o603zszIb5Bl8MIXuOc6Vy617I74pirisDzzcNh0NEaYQt50fVVR3khUbeEhUEWEWipESg=="
  "resolved" "https://registry.npmjs.org/@docsearch/react/-/react-3.0.0.tgz"
  "version" "3.0.0"
  dependencies:
    "@algolia/autocomplete-core" "1.5.2"
    "@algolia/autocomplete-preset-algolia" "1.5.2"
    "@docsearch/css" "3.0.0"
    "algoliasearch" "^4.0.0"

"@types/body-scroll-lock@^2.6.1":
  "integrity" "sha512-PhoQPbwPYspXqf7lkwtF7aJzAwL88t+9E/e0b2X84tlHpU8ZuS9UNnLtkT0XhyZJYHpET5qRfIdZ0HBIxuc7HQ=="
  "resolved" "https://registry.npmjs.org/@types/body-scroll-lock/-/body-scroll-lock-2.6.2.tgz"
  "version" "2.6.2"

"@types/estree@^0.0.48":
  "integrity" "sha512-LfZwXoGUDo0C3me81HXgkBg5CTQYb6xzEl+fNmbO4JdRiSKQ8A0GD1OBBvKAIsbCUgoyAty7m99GqqMQe784ew=="
  "resolved" "https://registry.npmjs.org/@types/estree/-/estree-0.0.48.tgz"
  "version" "0.0.48"

"@types/node@^17.0.21":
  "integrity" "sha512-DBZCJbhII3r90XbQxI8Y9IjjiiOGlZ0Hr32omXIZvwwZ7p4DMMXGrKXVyPfuoBOri9XNtL0UK69jYIBIsRX3QQ=="
  "resolved" "https://registry.npmjs.org/@types/node/-/node-17.0.21.tgz"
  "version" "17.0.21"

"@types/web-bluetooth@^0.0.14":
  "integrity" "sha512-5d2RhCard1nQUC3aHcq/gHzWYO6K0WJmAbjO7mQJgCQKtZpgXxv1rOM6O/dBDhDYYVutk1sciOgNSe+5YyfM8A=="
  "resolved" "https://registry.npmmirror.com/@types/web-bluetooth/-/web-bluetooth-0.0.14.tgz"
  "version" "0.0.14"

"@vitejs/plugin-vue@^2.3.2":
  "integrity" "sha512-SmQLDyhz+6lGJhPELsBdzXGc+AcaT8stgkbiTFGpXPe8Tl1tJaBw1A6pxDqDuRsVkD8uscrkx3hA7QDOoKYtyw=="
  "resolved" "https://registry.npmmirror.com/@vitejs/plugin-vue/-/plugin-vue-2.3.3.tgz"
  "version" "2.3.3"

"@vue/compiler-core@3.2.37":
  "integrity" "sha512-81KhEjo7YAOh0vQJoSmAD68wLfYqJvoiD4ulyedzF+OEk/bk6/hx3fTNVfuzugIIaTrOx4PGx6pAiBRe5e9Zmg=="
  "resolved" "https://registry.npmmirror.com/@vue/compiler-core/-/compiler-core-3.2.37.tgz"
  "version" "3.2.37"
  dependencies:
    "@babel/parser" "^7.16.4"
    "@vue/shared" "3.2.37"
    "estree-walker" "^2.0.2"
    "source-map" "^0.6.1"

"@vue/compiler-dom@3.2.37":
  "integrity" "sha512-yxJLH167fucHKxaqXpYk7x8z7mMEnXOw3G2q62FTkmsvNxu4FQSu5+3UMb+L7fjKa26DEzhrmCxAgFLLIzVfqQ=="
  "resolved" "https://registry.npmmirror.com/@vue/compiler-dom/-/compiler-dom-3.2.37.tgz"
  "version" "3.2.37"
  dependencies:
    "@vue/compiler-core" "3.2.37"
    "@vue/shared" "3.2.37"

"@vue/compiler-sfc@3.2.37":
  "integrity" "sha512-+7i/2+9LYlpqDv+KTtWhOZH+pa8/HnX/905MdVmAcI/mPQOBwkHHIzrsEsucyOIZQYMkXUiTkmZq5am/NyXKkg=="
  "resolved" "https://registry.npmmirror.com/@vue/compiler-sfc/-/compiler-sfc-3.2.37.tgz"
  "version" "3.2.37"
  dependencies:
    "@babel/parser" "^7.16.4"
    "@vue/compiler-core" "3.2.37"
    "@vue/compiler-dom" "3.2.37"
    "@vue/compiler-ssr" "3.2.37"
    "@vue/reactivity-transform" "3.2.37"
    "@vue/shared" "3.2.37"
    "estree-walker" "^2.0.2"
    "magic-string" "^0.25.7"
    "postcss" "^8.1.10"
    "source-map" "^0.6.1"

"@vue/compiler-ssr@3.2.37":
  "integrity" "sha512-7mQJD7HdXxQjktmsWp/J67lThEIcxLemz1Vb5I6rYJHR5vI+lON3nPGOH3ubmbvYGt8xEUaAr1j7/tIFWiEOqw=="
  "resolved" "https://registry.npmmirror.com/@vue/compiler-ssr/-/compiler-ssr-3.2.37.tgz"
  "version" "3.2.37"
  dependencies:
    "@vue/compiler-dom" "3.2.37"
    "@vue/shared" "3.2.37"

"@vue/devtools-api@^6.1.4":
  "integrity" "sha512-OEgAMeQXvCoJ+1x8WyQuVZzFo0wcyCmUR3baRVLmKBo1LmYZWMlRiXlux5jd0fqVJu6PfDbOrZItVqUEzLobeQ=="
  "resolved" "https://registry.npmmirror.com/@vue/devtools-api/-/devtools-api-6.2.1.tgz"
  "version" "6.2.1"

"@vue/reactivity-transform@3.2.37":
  "integrity" "sha512-IWopkKEb+8qpu/1eMKVeXrK0NLw9HicGviJzhJDEyfxTR9e1WtpnnbYkJWurX6WwoFP0sz10xQg8yL8lgskAZg=="
  "resolved" "https://registry.npmmirror.com/@vue/reactivity-transform/-/reactivity-transform-3.2.37.tgz"
  "version" "3.2.37"
  dependencies:
    "@babel/parser" "^7.16.4"
    "@vue/compiler-core" "3.2.37"
    "@vue/shared" "3.2.37"
    "estree-walker" "^2.0.2"
    "magic-string" "^0.25.7"

"@vue/reactivity@3.2.37":
  "integrity" "sha512-/7WRafBOshOc6m3F7plwzPeCu/RCVv9uMpOwa/5PiY1Zz+WLVRWiy0MYKwmg19KBdGtFWsmZ4cD+LOdVPcs52A=="
  "resolved" "https://registry.npmmirror.com/@vue/reactivity/-/reactivity-3.2.37.tgz"
  "version" "3.2.37"
  dependencies:
    "@vue/shared" "3.2.37"

"@vue/runtime-core@3.2.37":
  "integrity" "sha512-JPcd9kFyEdXLl/i0ClS7lwgcs0QpUAWj+SKX2ZC3ANKi1U4DOtiEr6cRqFXsPwY5u1L9fAjkinIdB8Rz3FoYNQ=="
  "resolved" "https://registry.npmmirror.com/@vue/runtime-core/-/runtime-core-3.2.37.tgz"
  "version" "3.2.37"
  dependencies:
    "@vue/reactivity" "3.2.37"
    "@vue/shared" "3.2.37"

"@vue/runtime-dom@3.2.37":
  "integrity" "sha512-HimKdh9BepShW6YozwRKAYjYQWg9mQn63RGEiSswMbW+ssIht1MILYlVGkAGGQbkhSh31PCdoUcfiu4apXJoPw=="
  "resolved" "https://registry.npmmirror.com/@vue/runtime-dom/-/runtime-dom-3.2.37.tgz"
  "version" "3.2.37"
  dependencies:
    "@vue/runtime-core" "3.2.37"
    "@vue/shared" "3.2.37"
    "csstype" "^2.6.8"

"@vue/server-renderer@3.2.37":
  "integrity" "sha512-kLITEJvaYgZQ2h47hIzPh2K3jG8c1zCVbp/o/bzQOyvzaKiCquKS7AaioPI28GNxIsE/zSx+EwWYsNxDCX95MA=="
  "resolved" "https://registry.npmmirror.com/@vue/server-renderer/-/server-renderer-3.2.37.tgz"
  "version" "3.2.37"
  dependencies:
    "@vue/compiler-ssr" "3.2.37"
    "@vue/shared" "3.2.37"

"@vue/shared@3.2.37":
  "integrity" "sha512-4rSJemR2NQIo9Klm1vabqWjD8rs/ZaJSzMxkMNeJS6lHiUjjUeYFbooN19NgFjztubEKh3WlZUeOLVdbbUWHsw=="
  "resolved" "https://registry.npmmirror.com/@vue/shared/-/shared-3.2.37.tgz"
  "version" "3.2.37"

"@vueuse/core@^7.3.0":
  "integrity" "sha512-DS8+dg758CiWnswebYHjS05PqTtc1ZLomsDlkFjG/KC0iFRgFIsGC66AAGuSXLqWCoirp2xN6N2mkrp1aHdI7A=="
  "resolved" "https://registry.npmjs.org/@vueuse/core/-/core-7.7.0.tgz"
  "version" "7.7.0"
  dependencies:
    "@vueuse/shared" "7.7.0"
    "vue-demi" "*"

"@vueuse/core@^8.5.0":
  "integrity" "sha512-B/Mdj9TK1peFyWaPof+Zf/mP9XuGAngaJZBwPaXBvU3aCTZlx3ltlrFFFyMV4iGBwsjSCeUCgZrtkEj9dS2Y3Q=="
  "resolved" "https://registry.npmmirror.com/@vueuse/core/-/core-8.9.4.tgz"
  "version" "8.9.4"
  dependencies:
    "@types/web-bluetooth" "^0.0.14"
    "@vueuse/metadata" "8.9.4"
    "@vueuse/shared" "8.9.4"
    "vue-demi" "*"

"@vueuse/metadata@8.9.4":
  "integrity" "sha512-IwSfzH80bnJMzqhaapqJl9JRIiyQU0zsRGEgnxN6jhq7992cPUJIRfV+JHRIZXjYqbwt07E1gTEp0R0zPJ1aqw=="
  "resolved" "https://registry.npmmirror.com/@vueuse/metadata/-/metadata-8.9.4.tgz"
  "version" "8.9.4"

"@vueuse/shared@7.7.0":
  "integrity" "sha512-ANzMcUnjuUPJ9nWqMAqYt8p0qon6AH5pP5/V/0RSWkwCIWZwi57ujIaxizzMwnJECUF/73BmsRmpvvtokCIrKw=="
  "resolved" "https://registry.npmjs.org/@vueuse/shared/-/shared-7.7.0.tgz"
  "version" "7.7.0"
  dependencies:
    "vue-demi" "*"

"@vueuse/shared@8.9.4":
  "integrity" "sha512-wt+T30c4K6dGRMVqPddexEVLa28YwxW5OFIPmzUHICjphfAuBFTTdDoyqREZNDOFJZ44ARH1WWQNCUK8koJ+Ag=="
  "resolved" "https://registry.npmmirror.com/@vueuse/shared/-/shared-8.9.4.tgz"
  "version" "8.9.4"
  dependencies:
    "vue-demi" "*"

"algoliasearch@^4.0.0", "algoliasearch@^4.9.1":
  "integrity" "sha512-c0dM1g3zZBJrkzE5GA/Nu1y3fFxx3LCzxKzcmp2dgGS8P4CjszB/l3lsSh2MSrrK1Hn/KV4BlbBMXtYgG1Bfrw=="
  "resolved" "https://registry.npmjs.org/algoliasearch/-/algoliasearch-4.12.1.tgz"
  "version" "4.12.1"
  dependencies:
    "@algolia/cache-browser-local-storage" "4.12.1"
    "@algolia/cache-common" "4.12.1"
    "@algolia/cache-in-memory" "4.12.1"
    "@algolia/client-account" "4.12.1"
    "@algolia/client-analytics" "4.12.1"
    "@algolia/client-common" "4.12.1"
    "@algolia/client-personalization" "4.12.1"
    "@algolia/client-search" "4.12.1"
    "@algolia/logger-common" "4.12.1"
    "@algolia/logger-console" "4.12.1"
    "@algolia/requester-browser-xhr" "4.12.1"
    "@algolia/requester-common" "4.12.1"
    "@algolia/requester-node-http" "4.12.1"
    "@algolia/transporter" "4.12.1"

"anymatch@~3.1.2":
  "integrity" "sha512-P43ePfOAIupkguHUycrc4qJ9kz8ZiuOUijaETwX7THt0Y/GNK7v0aa8rY816xWjZ7rJdA5XdMcpVFTKMq+RvWg=="
  "resolved" "https://registry.npmjs.org/anymatch/-/anymatch-3.1.2.tgz"
  "version" "3.1.2"
  dependencies:
    "normalize-path" "^3.0.0"
    "picomatch" "^2.0.4"

"balanced-match@^1.0.0":
  "integrity" "sha512-3oSeUO0TMV67hN1AmbXsK4yaqU7tjiHlbxRDZOpH0KW9+CeX4bRAaX0Anxt0tx2MrpRpWwQaPwIlISEJhYU5Pw=="
  "resolved" "https://registry.npmjs.org/balanced-match/-/balanced-match-1.0.2.tgz"
  "version" "1.0.2"

"binary-extensions@^2.0.0":
  "integrity" "sha512-jDctJ/IVQbZoJykoeHbhXpOlNBqGNcwXJKJog42E5HDPUwQTSdjCHdihjj0DlnheQ7blbT6dHOafNAiS8ooQKA=="
  "resolved" "https://registry.npmjs.org/binary-extensions/-/binary-extensions-2.2.0.tgz"
  "version" "2.2.0"

"body-scroll-lock@^3.1.5":
  "integrity" "sha512-Yi1Xaml0EvNA0OYWxXiYNqY24AfWkbA6w5vxE7GWxtKfzIbZM+Qw+aSmkgsbWzbHiy/RCSkUZBplVxTA+E4jJg=="
  "resolved" "https://registry.npmjs.org/body-scroll-lock/-/body-scroll-lock-3.1.5.tgz"
  "version" "3.1.5"

"body-scroll-lock@^4.0.0-beta.0":
  "integrity" "sha512-a7tP5+0Mw3YlUJcGAKUqIBkYYGlYxk2fnCasq/FUph1hadxlTRjF+gAcZksxANnaMnALjxEddmSi/H3OR8ugcQ=="
  "resolved" "https://registry.npmmirror.com/body-scroll-lock/-/body-scroll-lock-4.0.0-beta.0.tgz"
  "version" "4.0.0-beta.0"

"brace-expansion@^1.1.7":
  "integrity" "sha512-iCuPHDFgrHX7H2vEI/5xpz07zSHB00TpugqhmYtVmMO6518mCuRMoOYFldEBl0g187ufozdaHgWKcYFb61qGiA=="
  "resolved" "https://registry.npmjs.org/brace-expansion/-/brace-expansion-1.1.11.tgz"
  "version" "1.1.11"
  dependencies:
    "balanced-match" "^1.0.0"
    "concat-map" "0.0.1"

"braces@~3.0.2":
  "integrity" "sha512-b8um+L1RzM3WDSzvhm6gIz1yfTbBt6YTlcEKAvsmqCZZFw46z626lVj9j1yEPW33H5H+lBQpZMP1k8l+78Ha0A=="
  "resolved" "https://registry.npmjs.org/braces/-/braces-3.0.2.tgz"
  "version" "3.0.2"
  dependencies:
    "fill-range" "^7.0.1"

"chokidar@^3.5.3":
  "integrity" "sha512-Dr3sfKRP6oTcjf2JmUmFJfeVMvXBdegxB0iVQ5eb2V10uFJUCAS8OByZdVAyVb8xXNz3GjjTgj9kLWsZTqE6kw=="
  "resolved" "https://registry.npmjs.org/chokidar/-/chokidar-3.5.3.tgz"
  "version" "3.5.3"
  dependencies:
    "anymatch" "~3.1.2"
    "braces" "~3.0.2"
    "glob-parent" "~5.1.2"
    "is-binary-path" "~2.1.0"
    "is-glob" "~4.0.1"
    "normalize-path" "~3.0.0"
    "readdirp" "~3.6.0"
  optionalDependencies:
    "fsevents" "~2.3.2"

"concat-map@0.0.1":
  "integrity" "sha1-2Klr13/Wjfd5OnMDajug1UBdR3s="
  "resolved" "https://registry.npmjs.org/concat-map/-/concat-map-0.0.1.tgz"
  "version" "0.0.1"

"csstype@^2.6.8":
  "integrity" "sha512-/WwNkdXfckNgw6S5R125rrW8ez139lBHWouiBvX8dfMFtcn6V81REDqnH7+CRpRipfYlyU1CmOnOxrmGcFOjeA=="
  "resolved" "https://registry.npmmirror.com/csstype/-/csstype-2.6.20.tgz"
  "version" "2.6.20"

"esbuild-windows-64@0.14.53":
  "integrity" "sha512-s9skQFF0I7zqnQ2K8S1xdLSfZFsPLuOGmSx57h2btSEswv0N0YodYvqLcJMrNMXh6EynOmWD7rz+0rWWbFpIHQ=="
  "resolved" "https://registry.npmmirror.com/esbuild-windows-64/-/esbuild-windows-64-0.14.53.tgz"
  "version" "0.14.53"

"esbuild@^0.14.27":
  "integrity" "sha512-ohO33pUBQ64q6mmheX1mZ8mIXj8ivQY/L4oVuAshr+aJI+zLl+amrp3EodrUNDNYVrKJXGPfIHFGhO8slGRjuw=="
  "resolved" "https://registry.npmmirror.com/esbuild/-/esbuild-0.14.53.tgz"
  "version" "0.14.53"
  optionalDependencies:
    "@esbuild/linux-loong64" "0.14.53"
    "esbuild-android-64" "0.14.53"
    "esbuild-android-arm64" "0.14.53"
    "esbuild-darwin-64" "0.14.53"
    "esbuild-darwin-arm64" "0.14.53"
    "esbuild-freebsd-64" "0.14.53"
    "esbuild-freebsd-arm64" "0.14.53"
    "esbuild-linux-32" "0.14.53"
    "esbuild-linux-64" "0.14.53"
    "esbuild-linux-arm" "0.14.53"
    "esbuild-linux-arm64" "0.14.53"
    "esbuild-linux-mips64le" "0.14.53"
    "esbuild-linux-ppc64le" "0.14.53"
    "esbuild-linux-riscv64" "0.14.53"
    "esbuild-linux-s390x" "0.14.53"
    "esbuild-netbsd-64" "0.14.53"
    "esbuild-openbsd-64" "0.14.53"
    "esbuild-sunos-64" "0.14.53"
    "esbuild-windows-32" "0.14.53"
    "esbuild-windows-64" "0.14.53"
    "esbuild-windows-arm64" "0.14.53"

"estree-walker@^2.0.2":
  "integrity" "sha512-Rfkk/Mp/DL7JVje3u18FxFujQlTNR2q6QfMSMB7AvCBx91NGj/ba3kCfza0f6dVDbw7YlRf/nDrn7pQrCCyQ/w=="
  "resolved" "https://registry.npmmirror.com/estree-walker/-/estree-walker-2.0.2.tgz"
  "version" "2.0.2"

"fill-range@^7.0.1":
  "integrity" "sha512-qOo9F+dMUmC2Lcb4BbVvnKJxTPjCm+RRpe4gDuGrzkL7mEVl/djYSu2OdQ2Pa302N4oqkSg9ir6jaLWJ2USVpQ=="
  "resolved" "https://registry.npmjs.org/fill-range/-/fill-range-7.0.1.tgz"
  "version" "7.0.1"
  dependencies:
    "to-regex-range" "^5.0.1"

"fs.realpath@^1.0.0":
  "integrity" "sha1-FQStJSMVjKpA20onh8sBQRmU6k8="
  "resolved" "https://registry.npmjs.org/fs.realpath/-/fs.realpath-1.0.0.tgz"
  "version" "1.0.0"

"function-bind@^1.1.1":
  "integrity" "sha512-yIovAzMX49sF8Yl58fSCWJ5svSLuaibPxXQJFLmBObTuCr0Mf1KiPopGM9NiFjiYBCbfaa2Fh6breQ6ANVTI0A=="
  "resolved" "https://registry.npmjs.org/function-bind/-/function-bind-1.1.1.tgz"
  "version" "1.1.1"

"glob-parent@~5.1.2":
  "integrity" "sha512-AOIgSQCepiJYwP3ARnGx+5VnTu2HBYdzbGP45eLw1vr3zB3vZLeyed1sC9hnbcOc9/SrMyM5RPQrkGz4aS9Zow=="
  "resolved" "https://registry.npmjs.org/glob-parent/-/glob-parent-5.1.2.tgz"
  "version" "5.1.2"
  dependencies:
    "is-glob" "^4.0.1"

"glob@^7.0.0":
  "integrity" "sha512-lmLf6gtyrPq8tTjSmrO94wBeQbFR3HbLHbuyD69wuyQkImp2hWqMGB47OX65FBkPffO641IP9jWa1z4ivqG26Q=="
  "resolved" "https://registry.npmjs.org/glob/-/glob-7.2.0.tgz"
  "version" "7.2.0"
  dependencies:
    "fs.realpath" "^1.0.0"
    "inflight" "^1.0.4"
    "inherits" "2"
    "minimatch" "^3.0.4"
    "once" "^1.3.0"
    "path-is-absolute" "^1.0.0"

"has@^1.0.3":
  "integrity" "sha512-f2dvO0VU6Oej7RkWJGrehjbzMAjFp5/VKPp5tTpWIV4JHHZK1/BxbFRtf/siA2SWTe09caDmVtYYzWEIbBS4zw=="
  "resolved" "https://registry.npmjs.org/has/-/has-1.0.3.tgz"
  "version" "1.0.3"
  dependencies:
    "function-bind" "^1.1.1"

"inflight@^1.0.4":
  "integrity" "sha1-Sb1jMdfQLQwJvJEKEHW6gWW1bfk="
  "resolved" "https://registry.npmjs.org/inflight/-/inflight-1.0.6.tgz"
  "version" "1.0.6"
  dependencies:
    "once" "^1.3.0"
    "wrappy" "1"

"inherits@2":
  "integrity" "sha512-k/vGaX4/Yla3WzyMCvTQOXYeIHvqOKtnqBduzTHpzpQZzAskKMhZ2K+EnBiSM9zGSoIFeMpXKxa4dYeZIQqewQ=="
  "resolved" "https://registry.npmjs.org/inherits/-/inherits-2.0.4.tgz"
  "version" "2.0.4"

"interpret@^1.0.0":
  "integrity" "sha512-agE4QfB2Lkp9uICn7BAqoscw4SZP9kTE2hxiFI3jBPmXJfdqiahTbUuKGsMoN2GtqL9AxhYioAcVvgsb1HvRbA=="
  "resolved" "https://registry.npmjs.org/interpret/-/interpret-1.4.0.tgz"
  "version" "1.4.0"

"is-binary-path@~2.1.0":
  "integrity" "sha512-ZMERYes6pDydyuGidse7OsHxtbI7WVeUEozgR/g7rd0xUimYNlvZRE/K2MgZTjWy725IfelLeVcEM97mmtRGXw=="
  "resolved" "https://registry.npmjs.org/is-binary-path/-/is-binary-path-2.1.0.tgz"
  "version" "2.1.0"
  dependencies:
    "binary-extensions" "^2.0.0"

"is-core-module@^2.8.1":
  "integrity" "sha512-SdNCUs284hr40hFTFP6l0IfZ/RSrMXF3qgoRHd3/79unUTvrFO/JoXwkGm+5J/Oe3E/b5GsnG330uUNgRpu1PA=="
  "resolved" "https://registry.npmjs.org/is-core-module/-/is-core-module-2.8.1.tgz"
  "version" "2.8.1"
  dependencies:
    "has" "^1.0.3"

"is-extglob@^2.1.1":
  "integrity" "sha512-SbKbANkN603Vi4jEZv49LeVJMn4yGwsbzZworEoyEiutsN3nJYdbO36zfhGJ6QEDpOZIFkDtnq5JRxmvl3jsoQ=="
  "resolved" "https://registry.npmjs.org/is-extglob/-/is-extglob-2.1.1.tgz"
  "version" "2.1.1"

"is-glob@^4.0.1", "is-glob@~4.0.1":
  "integrity" "sha512-xelSayHH36ZgE7ZWhli7pW34hNbNl8Ojv5KVmkJD4hBdD3th8Tfk9vYasLM+mXWOZhFkgZfxhLSnrwRr4elSSg=="
  "resolved" "https://registry.npmjs.org/is-glob/-/is-glob-4.0.3.tgz"
  "version" "4.0.3"
  dependencies:
    "is-extglob" "^2.1.1"

"is-number@^7.0.0":
  "integrity" "sha512-41Cifkg6e8TylSpdtTpeLVMqvSBEVzTttHvERD741+pnZ8ANv0004MRL43QKPDlK9cGvNp6NZWZUBlbGXYxxng=="
  "resolved" "https://registry.npmjs.org/is-number/-/is-number-7.0.0.tgz"
  "version" "7.0.0"

"jsonc-parser@^3.0.0":
  "integrity" "sha512-fQzRfAbIBnR0IQvftw9FJveWiHp72Fg20giDrHz6TdfB12UH/uue0D3hm57UB5KgAVuniLMCaS8P1IMj9NR7cA=="
  "resolved" "https://registry.npmjs.org/jsonc-parser/-/jsonc-parser-3.0.0.tgz"
  "version" "3.0.0"

"magic-string@^0.25.7":
  "integrity" "sha512-RmF0AsMzgt25qzqqLc1+MbHmhdx0ojF2Fvs4XnOqz2ZOBXzzkEwc/dJQZCYHAn7v1jbVOjAZfK8msRn4BxO4VQ=="
  "resolved" "https://registry.npmmirror.com/magic-string/-/magic-string-0.25.9.tgz"
  "version" "0.25.9"
  dependencies:
    "sourcemap-codec" "^1.4.8"

"minimatch@^3.0.4":
  "integrity" "sha512-J7p63hRiAjw1NDEww1W7i37+ByIrOWO5XQQAzZ3VOcL0PNybwpfmV/N05zFAzwQ9USyEcX6t3UO+K5aqBQOIHw=="
  "resolved" "https://registry.npmjs.org/minimatch/-/minimatch-3.1.2.tgz"
  "version" "3.1.2"
  dependencies:
    "brace-expansion" "^1.1.7"

"nanoid@^3.3.4":
  "integrity" "sha512-MqBkQh/OHTS2egovRtLk45wEyNXwF+cokD+1YPf9u5VfJiRdAiRwB2froX5Co9Rh20xs4siNPm8naNotSD6RBw=="
  "resolved" "https://registry.npmmirror.com/nanoid/-/nanoid-3.3.4.tgz"
  "version" "3.3.4"

"normalize-path@^3.0.0", "normalize-path@~3.0.0":
  "integrity" "sha512-6eZs5Ls3WtCisHWp9S2GUy8dqkpGi4BVSz3GaqiE6ezub0512ESztXUwUB6C6IKbQkY2Pnb/mD4WYojCRwcwLA=="
  "resolved" "https://registry.npmjs.org/normalize-path/-/normalize-path-3.0.0.tgz"
  "version" "3.0.0"

"normalize.css@^8.0.1":
  "integrity" "sha512-qizSNPO93t1YUuUhP22btGOo3chcvDFqFaj2TRybP0DMxkHOCTYwp3n34fel4a31ORXy4m1Xq0Gyqpb5m33qIg=="
  "resolved" "https://registry.npmjs.org/normalize.css/-/normalize.css-8.0.1.tgz"
  "version" "8.0.1"

"once@^1.3.0":
  "integrity" "sha1-WDsap3WWHUsROsF9nFC6753Xa9E="
  "resolved" "https://registry.npmjs.org/once/-/once-1.4.0.tgz"
  "version" "1.4.0"
  dependencies:
    "wrappy" "1"

"path-is-absolute@^1.0.0":
  "integrity" "sha1-F0uSaHNVNP+8es5r9TpanhtcX18="
  "resolved" "https://registry.npmjs.org/path-is-absolute/-/path-is-absolute-1.0.1.tgz"
  "version" "1.0.1"

"path-parse@^1.0.7":
  "integrity" "sha512-LDJzPVEEEPR+y48z93A0Ed0yXb8pAByGWo/k5YYdYgpY2/2EsOsksJrq7lOHxryrVOn1ejG6oAp8ahvOIQD8sw=="
  "resolved" "https://registry.npmjs.org/path-parse/-/path-parse-1.0.7.tgz"
  "version" "1.0.7"

"picocolors@^1.0.0":
  "integrity" "sha512-1fygroTLlHu66zi26VoTDv8yRgm0Fccecssto+MhsZ0D/DGW2sm8E8AjW7NU5VVTRt5GxbeZ5qBuJr+HyLYkjQ=="
  "resolved" "https://registry.npmmirror.com/picocolors/-/picocolors-1.0.0.tgz"
  "version" "1.0.0"

"picomatch@^2.0.4", "picomatch@^2.2.1":
  "integrity" "sha512-JU3teHTNjmE2VCGFzuY8EXzCDVwEqB2a8fsIvwaStHhAWJEeVd1o1QD80CU6+ZdEXXSLbSsuLwJjkCBWqRQUVA=="
  "resolved" "https://registry.npmjs.org/picomatch/-/picomatch-2.3.1.tgz"
  "version" "2.3.1"

"postcss@^8.1.10", "postcss@^8.4.13":
  "integrity" "sha512-E398TUmfAYFPBSdzgeieK2Y1+1cpdxJx8yXbK/m57nRhKSmk1GB2tO4lbLBtlkfPQTDKfe4Xqv1ASWPpayPEig=="
  "resolved" "https://registry.npmmirror.com/postcss/-/postcss-8.4.14.tgz"
  "version" "8.4.14"
  dependencies:
    "nanoid" "^3.3.4"
    "picocolors" "^1.0.0"
    "source-map-js" "^1.0.2"

"preact@^10.0.0":
  "integrity" "sha512-dgxpTFV2vs4vizwKohYKkk7g7rmp1wOOcfd4Tz3IB3Wi+ivZzsn/SpeKJhRENSE+n8sUfsAl4S3HiCVT923ABw=="
  "resolved" "https://registry.npmjs.org/preact/-/preact-10.6.6.tgz"
  "version" "10.6.6"

"prettier@^2.4.1":
  "integrity" "sha512-vBZcPRUR5MZJwoyi3ZoyQlc1rXeEck8KgeC9AwwOn+exuxLxq5toTRDTSaVrXHxelDMHy9zlicw8u66yxoSUFg=="
  "resolved" "https://registry.npmjs.org/prettier/-/prettier-2.5.1.tgz"
  "version" "2.5.1"

"readdirp@~3.6.0":
  "integrity" "sha512-hOS089on8RduqdbhvQ5Z37A0ESjsqz6qnRcffsMU3495FuTdqSm+7bhJ29JvIOsBDEEnan5DPu9t3To9VRlMzA=="
  "resolved" "https://registry.npmjs.org/readdirp/-/readdirp-3.6.0.tgz"
  "version" "3.6.0"
  dependencies:
    "picomatch" "^2.2.1"

"rechoir@^0.6.2":
  "integrity" "sha1-hSBLVNuoLVdC4oyWdW70OvUOM4Q="
  "resolved" "https://registry.npmjs.org/rechoir/-/rechoir-0.6.2.tgz"
  "version" "0.6.2"
  dependencies:
    "resolve" "^1.1.6"

"resolve@^1.1.6", "resolve@^1.22.0":
  "integrity" "sha512-Hhtrw0nLeSrFQ7phPp4OOcVjLPIeMnRlr5mcnVuMe7M/7eBn98A3hmFRLoFo3DLZkivSYwhRUJTyPyWAk56WLw=="
  "resolved" "https://registry.npmjs.org/resolve/-/resolve-1.22.0.tgz"
  "version" "1.22.0"
  dependencies:
    "is-core-module" "^2.8.1"
    "path-parse" "^1.0.7"
    "supports-preserve-symlinks-flag" "^1.0.0"

"rollup@^2.59.0":
  "integrity" "sha512-m/4YzYgLcpMQbxX3NmAqDvwLATZzxt8bIegO78FZLl+lAgKJBd1DRAOeEiZcKOIOPjxE6ewHWHNgGEalFXuz1g=="
  "resolved" "https://registry.npmmirror.com/rollup/-/rollup-2.77.2.tgz"
  "version" "2.77.2"
  optionalDependencies:
    "fsevents" "~2.3.2"

"shelljs@^0.8.5":
  "integrity" "sha512-TiwcRcrkhHvbrZbnRcFYMLl30Dfov3HKqzp5tO5b4pt6G/SezKcYhmDg15zXVBswHmctSAQKznqNW2LO5tTDow=="
  "resolved" "https://registry.npmjs.org/shelljs/-/shelljs-0.8.5.tgz"
  "version" "0.8.5"
  dependencies:
    "glob" "^7.0.0"
    "interpret" "^1.0.0"
    "rechoir" "^0.6.2"

"shiki@^0.10.1":
  "integrity" "sha512-VsY7QJVzU51j5o1+DguUd+6vmCmZ5v/6gYu4vyYAhzjuNQU6P/vmSy4uQaOhvje031qQMiW0d2BwgMH52vqMng=="
  "resolved" "https://registry.npmmirror.com/shiki/-/shiki-0.10.1.tgz"
  "version" "0.10.1"
  dependencies:
    "jsonc-parser" "^3.0.0"
    "vscode-oniguruma" "^1.6.1"
    "vscode-textmate" "5.2.0"

"shiki@^0.9.15":
  "integrity" "sha512-/Y0z9IzhJ8nD9nbceORCqu6NgT9X6I8Fk8c3SICHI5NbZRLdZYFaB233gwct9sU0vvSypyaL/qaKvzyQGJBZSw=="
  "resolved" "https://registry.npmjs.org/shiki/-/shiki-0.9.15.tgz"
  "version" "0.9.15"
  dependencies:
    "jsonc-parser" "^3.0.0"
    "vscode-oniguruma" "^1.6.1"
    "vscode-textmate" "5.2.0"

"source-map-js@^1.0.2":
  "integrity" "sha512-R0XvVJ9WusLiqTCEiGCmICCMplcCkIwwR11mOSD9CR5u+IXYdiseeEuXCVAjS54zqwkLcPNnmU4OeJ6tUrWhDw=="
  "resolved" "https://registry.npmmirror.com/source-map-js/-/source-map-js-1.0.2.tgz"
  "version" "1.0.2"

"source-map@^0.6.1":
  "integrity" "sha512-UjgapumWlbMhkBgzT7Ykc5YXUT46F0iKu8SGXq0bcwP5dz/h0Plj6enJqjz1Zbq2l5WaqYnrVbwWOWMyF3F47g=="
  "resolved" "https://registry.npmmirror.com/source-map/-/source-map-0.6.1.tgz"
  "version" "0.6.1"

"sourcemap-codec@^1.4.8":
  "integrity" "sha512-9NykojV5Uih4lgo5So5dtw+f0JgJX30KCNI8gwhz2J9A15wD0Ml6tjHKwf6fTSa6fAdVBdZeNOs9eJ71qCk8vA=="
  "resolved" "https://registry.npmmirror.com/sourcemap-codec/-/sourcemap-codec-1.4.8.tgz"
  "version" "1.4.8"

"supports-preserve-symlinks-flag@^1.0.0":
  "integrity" "sha512-ot0WnXS9fgdkgIcePe6RHNk1WA8+muPa6cSjeR3V8K27q9BB1rTE3R1p7Hv0z1ZyAc8s6Vvv8DIyWf681MAt0w=="
  "resolved" "https://registry.npmjs.org/supports-preserve-symlinks-flag/-/supports-preserve-symlinks-flag-1.0.0.tgz"
  "version" "1.0.0"

"to-regex-range@^5.0.1":
  "integrity" "sha512-65P7iz6X5yEr1cwcgvQxbbIw7Uk3gOy5dIdtZ4rDveLqhrdJP+Li/Hx6tyK0NEb+2GCyneCMJiGqrADCSNk8sQ=="
  "resolved" "https://registry.npmjs.org/to-regex-range/-/to-regex-range-5.0.1.tgz"
  "version" "5.0.1"
  dependencies:
    "is-number" "^7.0.0"

"typescript@~4.3.5":
  "integrity" "sha512-DqQgihaQ9cUrskJo9kIyW/+g0Vxsk8cDtZ52a3NGh0YNTfpUSArXSohyUGnvbPazEPLu398C0UxmKSOrPumUzA=="
  "resolved" "https://registry.npmjs.org/typescript/-/typescript-4.3.5.tgz"
  "version" "4.3.5"

"vite@^2.5.10", "vite@^2.9.7":
  "integrity" "sha512-P/UCjSpSMcE54r4mPak55hWAZPlyfS369svib/gpmz8/01L822lMPOJ/RYW6tLCe1RPvMvOsJ17erf55bKp4Hw=="
  "resolved" "https://registry.npmmirror.com/vite/-/vite-2.9.14.tgz"
  "version" "2.9.14"
  dependencies:
    "esbuild" "^0.14.27"
    "postcss" "^8.4.13"
    "resolve" "^1.22.0"
    "rollup" "^2.59.0"
  optionalDependencies:
    "fsevents" "~2.3.2"

"vitepress@^1.0.0-alpha.4":
  "integrity" "sha512-bOAA4KW6vYGlkbcrPLZLTKWTgXVroObU+o9xj9EENyEl6yg26WWvfN7DGA4BftjdM5O8nR93Z5khPQ3W/tFE7Q=="
  "resolved" "https://registry.npmmirror.com/vitepress/-/vitepress-1.0.0-alpha.4.tgz"
  "version" "1.0.0-alpha.4"
  dependencies:
    "@docsearch/css" "^3.0.0"
    "@docsearch/js" "^3.0.0"
    "@vitejs/plugin-vue" "^2.3.2"
    "@vue/devtools-api" "^6.1.4"
    "@vueuse/core" "^8.5.0"
    "body-scroll-lock" "^4.0.0-beta.0"
    "shiki" "^0.10.1"
    "vite" "^2.9.7"
    "vue" "^3.2.33"

"vscode-oniguruma@^1.6.1":
  "integrity" "sha512-KH8+KKov5eS/9WhofZR8M8dMHWN2gTxjMsG4jd04YhpbPR91fUj7rYQ2/XjeHCJWbg7X++ApRIU9NUwM2vTvLA=="
  "resolved" "https://registry.npmjs.org/vscode-oniguruma/-/vscode-oniguruma-1.6.2.tgz"
  "version" "1.6.2"

"vscode-textmate@5.2.0":
  "integrity" "sha512-Uw5ooOQxRASHgu6C7GVvUxisKXfSgW4oFlO+aa+PAkgmH89O3CXxEEzNRNtHSqtXFTl0nAC1uYj0GMSH27uwtQ=="
  "resolved" "https://registry.npmjs.org/vscode-textmate/-/vscode-textmate-5.2.0.tgz"
  "version" "5.2.0"

"vue-demi@*":
  "integrity" "sha512-QL3ny+wX8c6Xm1/EZylbgzdoDolye+VpCXRhI2hug9dJTP3OUJ3lmiKN3CsVV3mOJKwFi0nsstbgob0vG7aoIw=="
  "resolved" "https://registry.npmjs.org/vue-demi/-/vue-demi-0.12.1.tgz"
  "version" "0.12.1"

"vue@^2.6.0 || ^3.2.0", "vue@^3.0.0-0 || ^2.6.0", "vue@^3.2.25", "vue@^3.2.33", "vue@^3.2.37", "vue@3.2.37":
  "integrity" "sha512-bOKEZxrm8Eh+fveCqS1/NkG/n6aMidsI6hahas7pa0w/l7jkbssJVsRhVDs07IdDq7h9KHswZOgItnwJAgtVtQ=="
  "resolved" "https://registry.npmmirror.com/vue/-/vue-3.2.37.tgz"
  "version" "3.2.37"
  dependencies:
    "@vue/compiler-dom" "3.2.37"
    "@vue/compiler-sfc" "3.2.37"
    "@vue/runtime-dom" "3.2.37"
    "@vue/server-renderer" "3.2.37"
    "@vue/shared" "3.2.37"

"wrappy@1":
  "integrity" "sha1-tSQ9jz7BqjXxNkYFvA0QNuMKtp8="
  "resolved" "https://registry.npmjs.org/wrappy/-/wrappy-1.0.2.tgz"
  "version" "1.0.2"
